
Microsoft Visual Studio Solution File, Format Version 12.00
# Visual Studio Version 16
VisualStudioVersion = 16.0.30804.86
MinimumVisualStudioVersion = 10.0.40219.1
Project("{FAE04EC0-301F-11D3-BF4B-00C04F79EFBC}") = "ToolConvertSqlToMongoDB", "ToolConvertSqlToMongoDB\ToolConvertSqlToMongoDB.csproj", "{2A06582C-584A-4D1D-91E9-674E8E417184}"
EndProject
Global
	GlobalSection(SolutionConfigurationPlatforms) = preSolution
		Debug|Any CPU = Debug|Any CPU
		Release|Any CPU = Release|Any CPU
	EndGlobalSection
	GlobalSection(ProjectConfigurationPlatforms) = postSolution
		{2A06582C-584A-4D1D-91E9-674E8E417184}.Debug|Any CPU.ActiveCfg = Debug|Any CPU
		{2A06582C-584A-4D1D-91E9-674E8E417184}.Debug|Any CPU.Build.0 = Debug|Any CPU
		{2A06582C-584A-4D1D-91E9-674E8E417184}.Release|Any CPU.ActiveCfg = Release|Any CPU
		{2A06582C-584A-4D1D-91E9-674E8E417184}.Release|Any CPU.Build.0 = Release|Any CPU
	EndGlobalSection
	GlobalSection(SolutionProperties) = preSolution
		HideSolutionNode = FALSE
	EndGlobalSection
	GlobalSection(ExtensibilityGlobals) = postSolution
		SolutionGuid = {5D79834B-AF4A-458B-AF3E-C059A10E2D87}
	EndGlobalSection
EndGlobal
